
Microsoft Visual Studio Solution File, Format Version 12.00
Project("{FAE04EC0-301F-11D3-BF4B-00C04F79EFBC}") = "CsvPortable", "CsvPortable\CsvPortable.csproj", "{9CFB5129-67CD-4F88-A91A-9D008949E92C}"
EndProject
Project("{FAE04EC0-301F-11D3-BF4B-00C04F79EFBC}") = "CsvPortable.Tests", "CsvPortable.Tests\CsvPortable.Tests.csproj", "{391EE96B-1C1C-4F9B-A2FA-5D4C1716E539}"
EndProject
Project("{2150E333-8FDC-42A3-9474-1A3956D46DE8}") = "Roadmap", "Roadmap", "{018C4971-FF9D-45CF-8865-5FB8AC9FCBF3}"
EndProject
Project("{FAE04EC0-301F-11D3-BF4B-00C04F79EFBC}") = "CsvPortable.Examples", "CsvPortable.Examples\CsvPortable.Examples.csproj", "{3C778FB2-CE4F-4FAB-B85D-459A63BE9C21}"
EndProject
Project("{2150E333-8FDC-42A3-9474-1A3956D46DE8}") = "Examples", "Examples", "{472365B1-BDE3-4247-A6FF-9CECC3B871B6}"
EndProject
Project("{FAE04EC0-301F-11D3-BF4B-00C04F79EFBC}") = "ReadAndWriteFiles", "ReadAndWriteFiles\ReadAndWriteFiles.csproj", "{A5192D06-4ECF-43FF-917E-346B167E1B51}"
EndProject
Project("{FAE04EC0-301F-11D3-BF4B-00C04F79EFBC}") = "HelloWorld", "HelloWorld\HelloWorld.csproj", "{05B9CAF6-6822-4299-A363-229BCB004F20}"
EndProject
Global
	GlobalSection(SolutionConfigurationPlatforms) = preSolution
		Debug|Any CPU = Debug|Any CPU
		Release|Any CPU = Release|Any CPU
	EndGlobalSection
	GlobalSection(ProjectConfigurationPlatforms) = postSolution
		{9CFB5129-67CD-4F88-A91A-9D008949E92C}.Debug|Any CPU.ActiveCfg = Debug|Any CPU
		{9CFB5129-67CD-4F88-A91A-9D008949E92C}.Debug|Any CPU.Build.0 = Debug|Any CPU
		{9CFB5129-67CD-4F88-A91A-9D008949E92C}.Release|Any CPU.ActiveCfg = Release|Any CPU
		{9CFB5129-67CD-4F88-A91A-9D008949E92C}.Release|Any CPU.Build.0 = Release|Any CPU
		{391EE96B-1C1C-4F9B-A2FA-5D4C1716E539}.Debug|Any CPU.ActiveCfg = Debug|Any CPU
		{391EE96B-1C1C-4F9B-A2FA-5D4C1716E539}.Debug|Any CPU.Build.0 = Debug|Any CPU
		{391EE96B-1C1C-4F9B-A2FA-5D4C1716E539}.Release|Any CPU.ActiveCfg = Release|Any CPU
		{391EE96B-1C1C-4F9B-A2FA-5D4C1716E539}.Release|Any CPU.Build.0 = Release|Any CPU
		{3C778FB2-CE4F-4FAB-B85D-459A63BE9C21}.Debug|Any CPU.ActiveCfg = Debug|Any CPU
		{3C778FB2-CE4F-4FAB-B85D-459A63BE9C21}.Debug|Any CPU.Build.0 = Debug|Any CPU
		{3C778FB2-CE4F-4FAB-B85D-459A63BE9C21}.Release|Any CPU.ActiveCfg = Release|Any CPU
		{3C778FB2-CE4F-4FAB-B85D-459A63BE9C21}.Release|Any CPU.Build.0 = Release|Any CPU
		{A5192D06-4ECF-43FF-917E-346B167E1B51}.Debug|Any CPU.ActiveCfg = Debug|Any CPU
		{A5192D06-4ECF-43FF-917E-346B167E1B51}.Debug|Any CPU.Build.0 = Debug|Any CPU
		{A5192D06-4ECF-43FF-917E-346B167E1B51}.Release|Any CPU.ActiveCfg = Release|Any CPU
		{A5192D06-4ECF-43FF-917E-346B167E1B51}.Release|Any CPU.Build.0 = Release|Any CPU
		{05B9CAF6-6822-4299-A363-229BCB004F20}.Debug|Any CPU.ActiveCfg = Debug|Any CPU
		{05B9CAF6-6822-4299-A363-229BCB004F20}.Debug|Any CPU.Build.0 = Debug|Any CPU
		{05B9CAF6-6822-4299-A363-229BCB004F20}.Release|Any CPU.ActiveCfg = Release|Any CPU
		{05B9CAF6-6822-4299-A363-229BCB004F20}.Release|Any CPU.Build.0 = Release|Any CPU
	EndGlobalSection
	GlobalSection(NestedProjects) = preSolution
		{A5192D06-4ECF-43FF-917E-346B167E1B51} = {472365B1-BDE3-4247-A6FF-9CECC3B871B6}
		{3C778FB2-CE4F-4FAB-B85D-459A63BE9C21} = {472365B1-BDE3-4247-A6FF-9CECC3B871B6}
		{05B9CAF6-6822-4299-A363-229BCB004F20} = {472365B1-BDE3-4247-A6FF-9CECC3B871B6}
	EndGlobalSection
EndGlobal
